
Microsoft Visual Studio Solution File, Format Version 12.00
# Visual Studio 14
VisualStudioVersion = 14.0.25420.1
MinimumVisualStudioVersion = 10.0.40219.1
Project("{FAE04EC0-301F-11D3-BF4B-00C04F79EFBC}") = "CalculatorApp", "CalculatorApp\CalculatorApp.csproj", "{23751FB3-A026-4FDE-96DB-AF1589861C02}"
EndProject
Project("{FAE04EC0-301F-11D3-BF4B-00C04F79EFBC}") = "CalculatorApp.Core", "CalculatorApp.Core\CalculatorApp.Core.csproj", "{E05B593A-0B34-4B74-AC91-015F969304CB}"
EndProject
Project("{FAE04EC0-301F-11D3-BF4B-00C04F79EFBC}") = "CalculatorApp.Core.Tests", "CalculatorApp.Core.Tests\CalculatorApp.Core.Tests.csproj", "{9F53521B-A5A9-4C3D-B58B-69E30994A85D}"
EndProject
Project("{2150E333-8FDC-42A3-9474-1A3956D46DE8}") = "CalculatorApp", "CalculatorApp", "{039F43EE-AB5F-4BF0-A6FB-D1C5F1A283EB}"
EndProject
Project("{D954291E-2A0B-460D-934E-DC6B0785DB48}") = "CalculatorApp.Shared", "CalculatorApp.Shared\CalculatorApp.Shared.shproj", "{0F62E23E-C9EF-41FB-A6FF-6F1AC0BD64F7}"
EndProject
Project("{FAE04EC0-301F-11D3-BF4B-00C04F79EFBC}") = "CalculatorApp.Windows", "CalculatorApp.Windows\CalculatorApp.Windows.csproj", "{0849BC0D-3AF4-4E6A-BBDB-62D70DB5C0BC}"
EndProject
Global
	GlobalSection(SharedMSBuildProjectFiles) = preSolution
		CalculatorApp.Shared\CalculatorApp.Shared.projitems*{0849bc0d-3af4-4e6a-bbdb-62d70db5c0bc}*SharedItemsImports = 4
		CalculatorApp.Shared\CalculatorApp.Shared.projitems*{0f62e23e-c9ef-41fb-a6ff-6f1ac0bd64f7}*SharedItemsImports = 13
		CalculatorApp.Shared\CalculatorApp.Shared.projitems*{23751fb3-a026-4fde-96db-af1589861c02}*SharedItemsImports = 4
	EndGlobalSection
	GlobalSection(SolutionConfigurationPlatforms) = preSolution
		Debug|Any CPU = Debug|Any CPU
		Debug|ARM = Debug|ARM
		Debug|x64 = Debug|x64
		Debug|x86 = Debug|x86
		Release|Any CPU = Release|Any CPU
		Release|ARM = Release|ARM
		Release|x64 = Release|x64
		Release|x86 = Release|x86
	EndGlobalSection
	GlobalSection(ProjectConfigurationPlatforms) = postSolution
		{23751FB3-A026-4FDE-96DB-AF1589861C02}.Debug|Any CPU.ActiveCfg = Debug|Any CPU
		{23751FB3-A026-4FDE-96DB-AF1589861C02}.Debug|Any CPU.Build.0 = Debug|Any CPU
		{23751FB3-A026-4FDE-96DB-AF1589861C02}.Debug|Any CPU.Deploy.0 = Debug|Any CPU
		{23751FB3-A026-4FDE-96DB-AF1589861C02}.Debug|ARM.ActiveCfg = Debug|ARM
		{23751FB3-A026-4FDE-96DB-AF1589861C02}.Debug|ARM.Build.0 = Debug|ARM
		{23751FB3-A026-4FDE-96DB-AF1589861C02}.Debug|ARM.Deploy.0 = Debug|ARM
		{23751FB3-A026-4FDE-96DB-AF1589861C02}.Debug|x64.ActiveCfg = Debug|Any CPU
		{23751FB3-A026-4FDE-96DB-AF1589861C02}.Debug|x64.Build.0 = Debug|Any CPU
		{23751FB3-A026-4FDE-96DB-AF1589861C02}.Debug|x64.Deploy.0 = Debug|Any CPU
		{23751FB3-A026-4FDE-96DB-AF1589861C02}.Debug|x86.ActiveCfg = Debug|x86
		{23751FB3-A026-4FDE-96DB-AF1589861C02}.Debug|x86.Build.0 = Debug|x86
		{23751FB3-A026-4FDE-96DB-AF1589861C02}.Debug|x86.Deploy.0 = Debug|x86
		{23751FB3-A026-4FDE-96DB-AF1589861C02}.Release|Any CPU.ActiveCfg = Release|Any CPU
		{23751FB3-A026-4FDE-96DB-AF1589861C02}.Release|Any CPU.Build.0 = Release|Any CPU
		{23751FB3-A026-4FDE-96DB-AF1589861C02}.Release|Any CPU.Deploy.0 = Release|Any CPU
		{23751FB3-A026-4FDE-96DB-AF1589861C02}.Release|ARM.ActiveCfg = Release|ARM
		{23751FB3-A026-4FDE-96DB-AF1589861C02}.Release|ARM.Build.0 = Release|ARM
		{23751FB3-A026-4FDE-96DB-AF1589861C02}.Release|ARM.Deploy.0 = Release|ARM
		{23751FB3-A026-4FDE-96DB-AF1589861C02}.Release|x64.ActiveCfg = Release|Any CPU
		{23751FB3-A026-4FDE-96DB-AF1589861C02}.Release|x64.Build.0 = Release|Any CPU
		{23751FB3-A026-4FDE-96DB-AF1589861C02}.Release|x64.Deploy.0 = Release|Any CPU
		{23751FB3-A026-4FDE-96DB-AF1589861C02}.Release|x86.ActiveCfg = Release|x86
		{23751FB3-A026-4FDE-96DB-AF1589861C02}.Release|x86.Build.0 = Release|x86
		{23751FB3-A026-4FDE-96DB-AF1589861C02}.Release|x86.Deploy.0 = Release|x86
		{E05B593A-0B34-4B74-AC91-015F969304CB}.Debug|Any CPU.ActiveCfg = Debug|Any CPU
		{E05B593A-0B34-4B74-AC91-015F969304CB}.Debug|Any CPU.Build.0 = Debug|Any CPU
		{E05B593A-0B34-4B74-AC91-015F969304CB}.Debug|ARM.ActiveCfg = Debug|Any CPU
		{E05B593A-0B34-4B74-AC91-015F969304CB}.Debug|ARM.Build.0 = Debug|Any CPU
		{E05B593A-0B34-4B74-AC91-015F969304CB}.Debug|x64.ActiveCfg = Debug|Any CPU
		{E05B593A-0B34-4B74-AC91-015F969304CB}.Debug|x64.Build.0 = Debug|Any CPU
		{E05B593A-0B34-4B74-AC91-015F969304CB}.Debug|x86.ActiveCfg = Debug|Any CPU
		{E05B593A-0B34-4B74-AC91-015F969304CB}.Debug|x86.Build.0 = Debug|Any CPU
		{E05B593A-0B34-4B74-AC91-015F969304CB}.Release|Any CPU.ActiveCfg = Release|Any CPU
		{E05B593A-0B34-4B74-AC91-015F969304CB}.Release|Any CPU.Build.0 = Release|Any CPU
		{E05B593A-0B34-4B74-AC91-015F969304CB}.Release|ARM.ActiveCfg = Release|Any CPU
		{E05B593A-0B34-4B74-AC91-015F969304CB}.Release|ARM.Build.0 = Release|Any CPU
		{E05B593A-0B34-4B74-AC91-015F969304CB}.Release|x64.ActiveCfg = Release|Any CPU
		{E05B593A-0B34-4B74-AC91-015F969304CB}.Release|x64.Build.0 = Release|Any CPU
		{E05B593A-0B34-4B74-AC91-015F969304CB}.Release|x86.ActiveCfg = Release|Any CPU
		{E05B593A-0B34-4B74-AC91-015F969304CB}.Release|x86.Build.0 = Release|Any CPU
		{9F53521B-A5A9-4C3D-B58B-69E30994A85D}.Debug|Any CPU.ActiveCfg = Debug|Any CPU
		{9F53521B-A5A9-4C3D-B58B-69E30994A85D}.Debug|Any CPU.Build.0 = Debug|Any CPU
		{9F53521B-A5A9-4C3D-B58B-69E30994A85D}.Debug|ARM.ActiveCfg = Debug|Any CPU
		{9F53521B-A5A9-4C3D-B58B-69E30994A85D}.Debug|ARM.Build.0 = Debug|Any CPU
		{9F53521B-A5A9-4C3D-B58B-69E30994A85D}.Debug|x64.ActiveCfg = Debug|Any CPU
		{9F53521B-A5A9-4C3D-B58B-69E30994A85D}.Debug|x64.Build.0 = Debug|Any CPU
		{9F53521B-A5A9-4C3D-B58B-69E30994A85D}.Debug|x86.ActiveCfg = Debug|Any CPU
		{9F53521B-A5A9-4C3D-B58B-69E30994A85D}.Debug|x86.Build.0 = Debug|Any CPU
		{9F53521B-A5A9-4C3D-B58B-69E30994A85D}.Release|Any CPU.ActiveCfg = Release|Any CPU
		{9F53521B-A5A9-4C3D-B58B-69E30994A85D}.Release|Any CPU.Build.0 = Release|Any CPU
		{9F53521B-A5A9-4C3D-B58B-69E30994A85D}.Release|ARM.ActiveCfg = Release|Any CPU
		{9F53521B-A5A9-4C3D-B58B-69E30994A85D}.Release|ARM.Build.0 = Release|Any CPU
		{9F53521B-A5A9-4C3D-B58B-69E30994A85D}.Release|x64.ActiveCfg = Release|Any CPU
		{9F53521B-A5A9-4C3D-B58B-69E30994A85D}.Release|x64.Build.0 = Release|Any CPU
		{9F53521B-A5A9-4C3D-B58B-69E30994A85D}.Release|x86.ActiveCfg = Release|Any CPU
		{9F53521B-A5A9-4C3D-B58B-69E30994A85D}.Release|x86.Build.0 = Release|Any CPU
		{0849BC0D-3AF4-4E6A-BBDB-62D70DB5C0BC}.Debug|Any CPU.ActiveCfg = Debug|Any CPU
		{0849BC0D-3AF4-4E6A-BBDB-62D70DB5C0BC}.Debug|Any CPU.Build.0 = Debug|Any CPU
		{0849BC0D-3AF4-4E6A-BBDB-62D70DB5C0BC}.Debug|Any CPU.Deploy.0 = Debug|Any CPU
		{0849BC0D-3AF4-4E6A-BBDB-62D70DB5C0BC}.Debug|ARM.ActiveCfg = Debug|ARM
		{0849BC0D-3AF4-4E6A-BBDB-62D70DB5C0BC}.Debug|ARM.Build.0 = Debug|ARM
		{0849BC0D-3AF4-4E6A-BBDB-62D70DB5C0BC}.Debug|ARM.Deploy.0 = Debug|ARM
		{0849BC0D-3AF4-4E6A-BBDB-62D70DB5C0BC}.Debug|x64.ActiveCfg = Debug|x64
		{0849BC0D-3AF4-4E6A-BBDB-62D70DB5C0BC}.Debug|x64.Build.0 = Debug|x64
		{0849BC0D-3AF4-4E6A-BBDB-62D70DB5C0BC}.Debug|x64.Deploy.0 = Debug|x64
		{0849BC0D-3AF4-4E6A-BBDB-62D70DB5C0BC}.Debug|x86.ActiveCfg = Debug|x86
		{0849BC0D-3AF4-4E6A-BBDB-62D70DB5C0BC}.Debug|x86.Build.0 = Debug|x86
		{0849BC0D-3AF4-4E6A-BBDB-62D70DB5C0BC}.Debug|x86.Deploy.0 = Debug|x86
		{0849BC0D-3AF4-4E6A-BBDB-62D70DB5C0BC}.Release|Any CPU.ActiveCfg = Release|Any CPU
		{0849BC0D-3AF4-4E6A-BBDB-62D70DB5C0BC}.Release|Any CPU.Build.0 = Release|Any CPU
		{0849BC0D-3AF4-4E6A-BBDB-62D70DB5C0BC}.Release|Any CPU.Deploy.0 = Release|Any CPU
		{0849BC0D-3AF4-4E6A-BBDB-62D70DB5C0BC}.Release|ARM.ActiveCfg = Release|ARM
		{0849BC0D-3AF4-4E6A-BBDB-62D70DB5C0BC}.Release|ARM.Build.0 = Release|ARM
		{0849BC0D-3AF4-4E6A-BBDB-62D70DB5C0BC}.Release|ARM.Deploy.0 = Release|ARM
		{0849BC0D-3AF4-4E6A-BBDB-62D70DB5C0BC}.Release|x64.ActiveCfg = Release|x64
		{0849BC0D-3AF4-4E6A-BBDB-62D70DB5C0BC}.Release|x64.Build.0 = Release|x64
		{0849BC0D-3AF4-4E6A-BBDB-62D70DB5C0BC}.Release|x64.Deploy.0 = Release|x64
		{0849BC0D-3AF4-4E6A-BBDB-62D70DB5C0BC}.Release|x86.ActiveCfg = Release|x86
		{0849BC0D-3AF4-4E6A-BBDB-62D70DB5C0BC}.Release|x86.Build.0 = Release|x86
		{0849BC0D-3AF4-4E6A-BBDB-62D70DB5C0BC}.Release|x86.Deploy.0 = Release|x86
	EndGlobalSection
	GlobalSection(SolutionProperties) = preSolution
		HideSolutionNode = FALSE
	EndGlobalSection
	GlobalSection(NestedProjects) = preSolution
		{23751FB3-A026-4FDE-96DB-AF1589861C02} = {039F43EE-AB5F-4BF0-A6FB-D1C5F1A283EB}
		{0F62E23E-C9EF-41FB-A6FF-6F1AC0BD64F7} = {039F43EE-AB5F-4BF0-A6FB-D1C5F1A283EB}
		{0849BC0D-3AF4-4E6A-BBDB-62D70DB5C0BC} = {039F43EE-AB5F-4BF0-A6FB-D1C5F1A283EB}
	EndGlobalSection
EndGlobal
