
Microsoft Visual Studio Solution File, Format Version 12.00
# Visual Studio 14
VisualStudioVersion = 14.0.25420.1
MinimumVisualStudioVersion = 10.0.40219.1
Project("{2150E333-8FDC-42A3-9474-1A3956D46DE8}") = "MVVMWithPrism", "MVVMWithPrism", "{219D3A76-47CA-4E35-A5CB-233D3C4A4A0E}"
EndProject
Project("{D954291E-2A0B-460D-934E-DC6B0785DB48}") = "MVVMWithPrism.Shared", "MVVMWithPrism\MVVMWithPrism.Shared\MVVMWithPrism.Shared.shproj", "{B5A46EF6-5A0D-4E72-87C5-662902A728A1}"
EndProject
Project("{FAE04EC0-301F-11D3-BF4B-00C04F79EFBC}") = "MVVMWithPrism.Windows", "MVVMWithPrism\MVVMWithPrism.Windows\MVVMWithPrism.Windows.csproj", "{F19782C1-191A-4C7C-8E1E-9721FB3C7410}"
EndProject
Project("{FAE04EC0-301F-11D3-BF4B-00C04F79EFBC}") = "MVVMWithPrism.WindowsPhone", "MVVMWithPrism\MVVMWithPrism.WindowsPhone\MVVMWithPrism.WindowsPhone.csproj", "{55C1D2E1-9061-4DE7-9210-F29B6676ABC2}"
EndProject
Global
	GlobalSection(SharedMSBuildProjectFiles) = preSolution
		MVVMWithPrism\MVVMWithPrism.Shared\MVVMWithPrism.Shared.projitems*{55c1d2e1-9061-4de7-9210-f29b6676abc2}*SharedItemsImports = 4
		MVVMWithPrism\MVVMWithPrism.Shared\MVVMWithPrism.Shared.projitems*{b5a46ef6-5a0d-4e72-87c5-662902a728a1}*SharedItemsImports = 13
		MVVMWithPrism\MVVMWithPrism.Shared\MVVMWithPrism.Shared.projitems*{f19782c1-191a-4c7c-8e1e-9721fb3c7410}*SharedItemsImports = 4
	EndGlobalSection
	GlobalSection(SolutionConfigurationPlatforms) = preSolution
		Debug|Any CPU = Debug|Any CPU
		Debug|ARM = Debug|ARM
		Debug|x64 = Debug|x64
		Debug|x86 = Debug|x86
		Release|Any CPU = Release|Any CPU
		Release|ARM = Release|ARM
		Release|x64 = Release|x64
		Release|x86 = Release|x86
	EndGlobalSection
	GlobalSection(ProjectConfigurationPlatforms) = postSolution
		{F19782C1-191A-4C7C-8E1E-9721FB3C7410}.Debug|Any CPU.ActiveCfg = Debug|Any CPU
		{F19782C1-191A-4C7C-8E1E-9721FB3C7410}.Debug|Any CPU.Build.0 = Debug|Any CPU
		{F19782C1-191A-4C7C-8E1E-9721FB3C7410}.Debug|Any CPU.Deploy.0 = Debug|Any CPU
		{F19782C1-191A-4C7C-8E1E-9721FB3C7410}.Debug|ARM.ActiveCfg = Debug|ARM
		{F19782C1-191A-4C7C-8E1E-9721FB3C7410}.Debug|ARM.Build.0 = Debug|ARM
		{F19782C1-191A-4C7C-8E1E-9721FB3C7410}.Debug|ARM.Deploy.0 = Debug|ARM
		{F19782C1-191A-4C7C-8E1E-9721FB3C7410}.Debug|x64.ActiveCfg = Debug|x64
		{F19782C1-191A-4C7C-8E1E-9721FB3C7410}.Debug|x64.Build.0 = Debug|x64
		{F19782C1-191A-4C7C-8E1E-9721FB3C7410}.Debug|x64.Deploy.0 = Debug|x64
		{F19782C1-191A-4C7C-8E1E-9721FB3C7410}.Debug|x86.ActiveCfg = Debug|x86
		{F19782C1-191A-4C7C-8E1E-9721FB3C7410}.Debug|x86.Build.0 = Debug|x86
		{F19782C1-191A-4C7C-8E1E-9721FB3C7410}.Debug|x86.Deploy.0 = Debug|x86
		{F19782C1-191A-4C7C-8E1E-9721FB3C7410}.Release|Any CPU.ActiveCfg = Release|Any CPU
		{F19782C1-191A-4C7C-8E1E-9721FB3C7410}.Release|Any CPU.Build.0 = Release|Any CPU
		{F19782C1-191A-4C7C-8E1E-9721FB3C7410}.Release|Any CPU.Deploy.0 = Release|Any CPU
		{F19782C1-191A-4C7C-8E1E-9721FB3C7410}.Release|ARM.ActiveCfg = Release|ARM
		{F19782C1-191A-4C7C-8E1E-9721FB3C7410}.Release|ARM.Build.0 = Release|ARM
		{F19782C1-191A-4C7C-8E1E-9721FB3C7410}.Release|ARM.Deploy.0 = Release|ARM
		{F19782C1-191A-4C7C-8E1E-9721FB3C7410}.Release|x64.ActiveCfg = Release|x64
		{F19782C1-191A-4C7C-8E1E-9721FB3C7410}.Release|x64.Build.0 = Release|x64
		{F19782C1-191A-4C7C-8E1E-9721FB3C7410}.Release|x64.Deploy.0 = Release|x64
		{F19782C1-191A-4C7C-8E1E-9721FB3C7410}.Release|x86.ActiveCfg = Release|x86
		{F19782C1-191A-4C7C-8E1E-9721FB3C7410}.Release|x86.Build.0 = Release|x86
		{F19782C1-191A-4C7C-8E1E-9721FB3C7410}.Release|x86.Deploy.0 = Release|x86
		{55C1D2E1-9061-4DE7-9210-F29B6676ABC2}.Debug|Any CPU.ActiveCfg = Debug|Any CPU
		{55C1D2E1-9061-4DE7-9210-F29B6676ABC2}.Debug|Any CPU.Build.0 = Debug|Any CPU
		{55C1D2E1-9061-4DE7-9210-F29B6676ABC2}.Debug|Any CPU.Deploy.0 = Debug|Any CPU
		{55C1D2E1-9061-4DE7-9210-F29B6676ABC2}.Debug|ARM.ActiveCfg = Debug|ARM
		{55C1D2E1-9061-4DE7-9210-F29B6676ABC2}.Debug|ARM.Build.0 = Debug|ARM
		{55C1D2E1-9061-4DE7-9210-F29B6676ABC2}.Debug|ARM.Deploy.0 = Debug|ARM
		{55C1D2E1-9061-4DE7-9210-F29B6676ABC2}.Debug|x64.ActiveCfg = Debug|Any CPU
		{55C1D2E1-9061-4DE7-9210-F29B6676ABC2}.Debug|x64.Build.0 = Debug|Any CPU
		{55C1D2E1-9061-4DE7-9210-F29B6676ABC2}.Debug|x64.Deploy.0 = Debug|Any CPU
		{55C1D2E1-9061-4DE7-9210-F29B6676ABC2}.Debug|x86.ActiveCfg = Debug|x86
		{55C1D2E1-9061-4DE7-9210-F29B6676ABC2}.Debug|x86.Build.0 = Debug|x86
		{55C1D2E1-9061-4DE7-9210-F29B6676ABC2}.Debug|x86.Deploy.0 = Debug|x86
		{55C1D2E1-9061-4DE7-9210-F29B6676ABC2}.Release|Any CPU.ActiveCfg = Release|Any CPU
		{55C1D2E1-9061-4DE7-9210-F29B6676ABC2}.Release|Any CPU.Build.0 = Release|Any CPU
		{55C1D2E1-9061-4DE7-9210-F29B6676ABC2}.Release|Any CPU.Deploy.0 = Release|Any CPU
		{55C1D2E1-9061-4DE7-9210-F29B6676ABC2}.Release|ARM.ActiveCfg = Release|ARM
		{55C1D2E1-9061-4DE7-9210-F29B6676ABC2}.Release|ARM.Build.0 = Release|ARM
		{55C1D2E1-9061-4DE7-9210-F29B6676ABC2}.Release|ARM.Deploy.0 = Release|ARM
		{55C1D2E1-9061-4DE7-9210-F29B6676ABC2}.Release|x64.ActiveCfg = Release|Any CPU
		{55C1D2E1-9061-4DE7-9210-F29B6676ABC2}.Release|x64.Build.0 = Release|Any CPU
		{55C1D2E1-9061-4DE7-9210-F29B6676ABC2}.Release|x64.Deploy.0 = Release|Any CPU
		{55C1D2E1-9061-4DE7-9210-F29B6676ABC2}.Release|x86.ActiveCfg = Release|x86
		{55C1D2E1-9061-4DE7-9210-F29B6676ABC2}.Release|x86.Build.0 = Release|x86
		{55C1D2E1-9061-4DE7-9210-F29B6676ABC2}.Release|x86.Deploy.0 = Release|x86
	EndGlobalSection
	GlobalSection(SolutionProperties) = preSolution
		HideSolutionNode = FALSE
	EndGlobalSection
	GlobalSection(NestedProjects) = preSolution
		{B5A46EF6-5A0D-4E72-87C5-662902A728A1} = {219D3A76-47CA-4E35-A5CB-233D3C4A4A0E}
		{F19782C1-191A-4C7C-8E1E-9721FB3C7410} = {219D3A76-47CA-4E35-A5CB-233D3C4A4A0E}
		{55C1D2E1-9061-4DE7-9210-F29B6676ABC2} = {219D3A76-47CA-4E35-A5CB-233D3C4A4A0E}
	EndGlobalSection
EndGlobal
